
Microsoft Visual Studio Solution File, Format Version 12.00
# Visual Studio Version 16
VisualStudioVersion = 16.0.29411.108
MinimumVisualStudioVersion = 10.0.40219.1
Project("{888888A0-9F3D-457C-B088-3A5042F75D52}") = "bubblesort", "bubblesort\bubblesort.pyproj", "{8BA70E69-083A-48AD-A2A9-A3208C936855}"
EndProject
Global
	GlobalSection(SolutionConfigurationPlatforms) = preSolution
		Debug|Any CPU = Debug|Any CPU
		Release|Any CPU = Release|Any CPU
	EndGlobalSection
	GlobalSection(ProjectConfigurationPlatforms) = postSolution
		{8BA70E69-083A-48AD-A2A9-A3208C936855}.Debug|Any CPU.ActiveCfg = Debug|Any CPU
		{8BA70E69-083A-48AD-A2A9-A3208C936855}.Release|Any CPU.ActiveCfg = Release|Any CPU
	EndGlobalSection
	GlobalSection(SolutionProperties) = preSolution
		HideSolutionNode = FALSE
	EndGlobalSection
	GlobalSection(ExtensibilityGlobals) = postSolution
		SolutionGuid = {B6DDEF28-AC49-47BA-BD84-27972E47C7E2}
	EndGlobalSection
EndGlobal
