
Microsoft Visual Studio Solution File, Format Version 12.00
# Visual Studio Version 16
VisualStudioVersion = 16.0.29411.108
MinimumVisualStudioVersion = 10.0.40219.1
Project("{888888A0-9F3D-457C-B088-3A5042F75D52}") = "nww nwd", "nww nwd\nww nwd.pyproj", "{02C44144-C09E-4AFD-A4FA-47EFD8E1D2C8}"
EndProject
Global
	GlobalSection(SolutionConfigurationPlatforms) = preSolution
		Debug|Any CPU = Debug|Any CPU
		Release|Any CPU = Release|Any CPU
	EndGlobalSection
	GlobalSection(ProjectConfigurationPlatforms) = postSolution
		{02C44144-C09E-4AFD-A4FA-47EFD8E1D2C8}.Debug|Any CPU.ActiveCfg = Debug|Any CPU
		{02C44144-C09E-4AFD-A4FA-47EFD8E1D2C8}.Release|Any CPU.ActiveCfg = Release|Any CPU
	EndGlobalSection
	GlobalSection(SolutionProperties) = preSolution
		HideSolutionNode = FALSE
	EndGlobalSection
	GlobalSection(ExtensibilityGlobals) = postSolution
		SolutionGuid = {CDCF65D0-0896-4152-AEE4-27441A4D1E8A}
	EndGlobalSection
EndGlobal
